Microsoft Visual Studio Solution File, Format Version 10.00
# Visual Studio 2008
Project("{8BC9CEB8-8B4A-11D0-8D11-00A0C91BC942}") = "pvrclient_mptv", "XBMC_MPTV.vcproj", "{74C9642E-1988-48DC-8404-11717C355378}"
EndProject
Project("{8BC9CEB8-8B4A-11D0-8D11-00A0C91BC942}") = "pvrclient_mptv_tsreader", "XBMC_MPTV_tsreader.vcproj", "{2C2D2B7F-EC8F-4614-86D9-C0FDA61678CA}"
	ProjectSection(ProjectDependencies) = postProject
		{3C398BD4-5714-4802-AB86-D43ADD15B3C0} = {3C398BD4-5714-4802-AB86-D43ADD15B3C0}
	EndProjectSection
EndProject
Project("{8BC9CEB8-8B4A-11D0-8D11-00A0C91BC942}") = "pvrclient_mptv_libLive555", "..\..\lib\live555\LiveMedia555.vcproj", "{3C398BD4-5714-4802-AB86-D43ADD15B3C0}"
EndProject
Global
	GlobalSection(SolutionConfigurationPlatforms) = preSolution
		Debug|Win32 = Debug|Win32
		Release|Win32 = Release|Win32
	EndGlobalSection
	GlobalSection(ProjectConfigurationPlatforms) = postSolution
		{74C9642E-1988-48DC-8404-11717C355378}.Debug|Win32.ActiveCfg = Debug|Win32
		{74C9642E-1988-48DC-8404-11717C355378}.Debug|Win32.Build.0 = Debug|Win32
		{74C9642E-1988-48DC-8404-11717C355378}.Release|Win32.ActiveCfg = Release|Win32
		{74C9642E-1988-48DC-8404-11717C355378}.Release|Win32.Build.0 = Release|Win32
		{2C2D2B7F-EC8F-4614-86D9-C0FDA61678CA}.Debug|Win32.ActiveCfg = Debug|Win32
		{2C2D2B7F-EC8F-4614-86D9-C0FDA61678CA}.Debug|Win32.Build.0 = Debug|Win32
		{2C2D2B7F-EC8F-4614-86D9-C0FDA61678CA}.Release|Win32.ActiveCfg = Release|Win32
		{2C2D2B7F-EC8F-4614-86D9-C0FDA61678CA}.Release|Win32.Build.0 = Release|Win32
		{3C398BD4-5714-4802-AB86-D43ADD15B3C0}.Debug|Win32.ActiveCfg = Debug|Win32
		{3C398BD4-5714-4802-AB86-D43ADD15B3C0}.Debug|Win32.Build.0 = Debug|Win32
		{3C398BD4-5714-4802-AB86-D43ADD15B3C0}.Release|Win32.ActiveCfg = Release|Win32
		{3C398BD4-5714-4802-AB86-D43ADD15B3C0}.Release|Win32.Build.0 = Release|Win32
	EndGlobalSection
	GlobalSection(SolutionProperties) = preSolution
		HideSolutionNode = FALSE
	EndGlobalSection
EndGlobal
